{
  "name": "public",
  "version": "1.0.0",
  "lockfileVersion": 1,
  "requires": true,
  "dependencies": {
    "@ckeditor/ckeditor5-alignment": {
      "version": "18.0.0",
      "resolved": "https://registry.npmjs.org/@ckeditor/ckeditor5-alignment/-/ckeditor5-alignment-18.0.0.tgz",
      "integrity": "sha512-tLd00MScuoaAGPRRcc7wWWC6D8QOgEivQdg6iHv6XU+J8z4lSfxEsoEzR1OWyjJn4K45tE2WJiPZJPSOE63BWg==",
      "requires": {
        "@ckeditor/ckeditor5-core": "^18.0.0",
        "@ckeditor/ckeditor5-ui": "^18.0.0"
      }
    },
    "@ckeditor/ckeditor5-build-classic": {
      "version": "15.0.0",
      "resolved": "https://registry.npmjs.org/@ckeditor/ckeditor5-build-classic/-/ckeditor5-build-classic-15.0.0.tgz",
      "integrity": "sha512-oIEYT4obF3+aPgA2BkzCZsK4vzOohpZRWn549dz/FWU6TIIBH7g5wE7CQtsMJG8KnnqC5Y+eh+HNURQxDGvj/g=="
    },
    "@ckeditor/ckeditor5-core": {
      "version": "18.0.0",
      "resolved": "https://registry.npmjs.org/@ckeditor/ckeditor5-core/-/ckeditor5-core-18.0.0.tgz",
      "integrity": "sha512-jSKh1mod2C7IkNfdW07+zi53Qv/1NzRtu35t0MyGvyjM2xIBDMOlWOYHOoIgYa7+0goaG6Sp/oyYFNsV42AobA==",
      "requires": {
        "@ckeditor/ckeditor5-engine": "^18.0.0",
        "@ckeditor/ckeditor5-utils": "^18.0.0",
        "lodash-es": "^4.17.10"
      }
    },
    "@ckeditor/ckeditor5-engine": {
      "version": "18.0.0",
      "resolved": "https://registry.npmjs.org/@ckeditor/ckeditor5-engine/-/ckeditor5-engine-18.0.0.tgz",
      "integrity": "sha512-kRxEYXGkWJjcAA3E/JcYd6lFTLG1KiaCTgL3fsNaah2tTMcBTxxXcuF6ucjokyCz092t2TdVSMzewkf5cQN2mQ==",
      "requires": {
        "@ckeditor/ckeditor5-utils": "^18.0.0",
        "lodash-es": "^4.17.10"
      }
    },
    "@ckeditor/ckeditor5-ui": {
      "version": "18.0.0",
      "resolved": "https://registry.npmjs.org/@ckeditor/ckeditor5-ui/-/ckeditor5-ui-18.0.0.tgz",
      "integrity": "sha512-xosPwq3ipJNwXWgw2cdBl9L3Nzcnirv2yr1WiJ22S28GFL8+6VOA3QXshVmuyugcKzsYRd1GcSTx/jwj8Vv/IA==",
      "requires": {
        "@ckeditor/ckeditor5-core": "^18.0.0",
        "@ckeditor/ckeditor5-utils": "^18.0.0",
        "lodash-es": "^4.17.10"
      }
    },
    "@ckeditor/ckeditor5-utils": {
      "version": "18.0.0",
      "resolved": "https://registry.npmjs.org/@ckeditor/ckeditor5-utils/-/ckeditor5-utils-18.0.0.tgz",
      "integrity": "sha512-HzzXP8wdpgyNJmJSX4hoZyGBVVXtiBgLrLubApDZn4TaCFp5FNc3bFdYmHWfiyKYzW0GjuIPHq0pS9hB/pX+BA==",
      "requires": {
        "lodash-es": "^4.17.10"
      }
    },
    "@fortawesome/fontawesome-free": {
      "version": "5.15.0",
      "resolved": "https://registry.npmjs.org/@fortawesome/fontawesome-free/-/fontawesome-free-5.15.0.tgz",
      "integrity": "sha512-wXetjQBNMTP59MAYNR1tdahMDOLx3FYj3PKdso7PLFLDpTvmAIqhSSEqnSTmWKahRjD+Sh5I5635+5qaoib5lw=="
    },
    "bootstrap": {
      "version": "4.5.2",
      "resolved": "https://registry.npmjs.org/bootstrap/-/bootstrap-4.5.2.tgz",
      "integrity": "sha512-vlGn0bcySYl/iV+BGA544JkkZP5LB3jsmkeKLFQakCOwCM3AOk7VkldBz4jrzSe+Z0Ezn99NVXa1o45cQY4R6A=="
    },
    "jquery": {
      "version": "3.5.1",
      "resolved": "https://registry.npmjs.org/jquery/-/jquery-3.5.1.tgz",
      "integrity": "sha512-XwIBPqcMn57FxfT+Go5pzySnm4KWkT1Tv7gjrpT1srtf8Weynl6R273VJ5GjkRb51IzMp5nbaPjJXMWeju2MKg=="
    },
    "lodash-es": {
      "version": "4.17.15",
      "resolved": "https://registry.npmjs.org/lodash-es/-/lodash-es-4.17.15.tgz",
      "integrity": "sha512-rlrc3yU3+JNOpZ9zj5pQtxnx2THmvRykwL4Xlxoa8I9lHBlVbbyPhgyPMioxVZ4NqyxaVVtaJnzsyOidQIhyyQ=="
    },
    "popper.js": {
      "version": "1.16.1",
      "resolved": "https://registry.npmjs.org/popper.js/-/popper.js-1.16.1.tgz",
      "integrity": "sha512-Wb4p1J4zyFTbM+u6WuO4XstYx4Ky9Cewe4DWrel7B0w6VVICvPwdOpotjzcf6eD8TsckVnIMNONQyPIUFOUbCQ=="
    }
  }
}
